<Solution>
  <Configurations>
    <Platform Name="Any CPU" />
    <Platform Name="x64" />
    <Platform Name="x86" />
  </Configurations>
  <Project Path="WPF_Render.Renderer/WPF_Render.Renderer.csproj" Id="cb3ca8bc-073a-40df-a17b-c92f8b413095" />
  <Project Path="WPF_Render.SandBox/WPF_Render.SandBox.csproj" Id="a28b7af9-ff23-4336-9e4f-45c06e3d059b" />
</Solution>
